// !$*UTF8*$!
{
	archiveVersion = 1;
	classes = {
	};
	objectVersion = 46;
	objects = {

/* Begin PBXBuildFile section */
		6C3809F71DCBDCF100763684 /* AppDelegate.swift in Sources */ = {isa = PBXBuildFile; fileRef = 6C3809F61DCBDCF100763684 /* AppDelegate.swift */; };
		6C3809F91DCBDCF100763684 /* ViewController.swift in Sources */ = {isa = PBXBuildFile; fileRef = 6C3809F81DCBDCF100763684 /* ViewController.swift */; };
		6C3809FC1DCBDCF100763684 /* Main.storyboard in Resources */ = {isa = PBXBuildFile; fileRef = 6C3809FA1DCBDCF100763684 /* Main.storyboard */; };
		6C3809FE1DCBDCF100763684 /* Assets.xcassets in Resources */ = {isa = PBXBuildFile; fileRef = 6C3809FD1DCBDCF100763684 /* Assets.xcassets */; };
		6C380A011DCBDCF100763684 /* LaunchScreen.storyboard in Resources */ = {isa = PBXBuildFile; fileRef = 6C3809FF1DCBDCF100763684 /* LaunchScreen.storyboard */; };
		6C380A091DCBDD3500763684 /* GoogleService-Info.plist in Resources */ = {isa = PBXBuildFile; fileRef = 6C380A081DCBDD3500763684 /* GoogleService-Info.plist */; };
		6C7A5EEF1DCBE0AE00492592 /* GeoFire.m in Sources */ = {isa = PBXBuildFile; fileRef = 6C7A5EE61DCBE0AE00492592 /* GeoFire.m */; };
		6C7A5EF01DCBE0AE00492592 /* GFBase32Utils.m in Sources */ = {isa = PBXBuildFile; fileRef = 6C7A5EE81DCBE0AE00492592 /* GFBase32Utils.m */; };
		6C7A5EF11DCBE0AE00492592 /* GFGeoHash.m in Sources */ = {isa = PBXBuildFile; fileRef = 6C7A5EEA1DCBE0AE00492592 /* GFGeoHash.m */; };
		6C7A5EF21DCBE0AE00492592 /* GFGeoHashQuery.m in Sources */ = {isa = PBXBuildFile; fileRef = 6C7A5EEC1DCBE0AE00492592 /* GFGeoHashQuery.m */; };
		6C7A5EF31DCBE0AE00492592 /* GFQuery.m in Sources */ = {isa = PBXBuildFile; fileRef = 6C7A5EEE1DCBE0AE00492592 /* GFQuery.m */; };
		A25B0C93EB60C84617415C0D /* Pods_PokeSearch.framework in Frameworks */ = {isa = PBXBuildFile; fileRef = A41F2D6216E41AE0CCB6DBB2 /* Pods_PokeSearch.framework */; };
/* End PBXBuildFile section */

/* Begin PBXFileReference section */
		6C3809F31DCBDCF100763684 /* PokeSearch.app */ = {isa = PBXFileReference; explicitFileType = wrapper.application; includeInIndex = 0; path = PokeSearch.app; sourceTree = BUILT_PRODUCTS_DIR; };
		6C3809F61DCBDCF100763684 /* AppDelegate.swift */ = {isa = PBXFileReference; lastKnownFileType = sourcecode.swift; path = AppDelegate.swift; sourceTree = "<group>"; };
		6C3809F81DCBDCF100763684 /* ViewController.swift */ = {isa = PBXFileReference; lastKnownFileType = sourcecode.swift; path = ViewController.swift; sourceTree = "<group>"; };
		6C3809FB1DCBDCF100763684 /* Base */ = {isa = PBXFileReference; lastKnownFileType = file.storyboard; name = Base; path = Base.lproj/Main.storyboard; sourceTree = "<group>"; };
		6C3809FD1DCBDCF100763684 /* Assets.xcassets */ = {isa = PBXFileReference; lastKnownFileType = folder.assetcatalog; path = Assets.xcassets; sourceTree = "<group>"; };
		6C380A001DCBDCF100763684 /* Base */ = {isa = PBXFileReference; lastKnownFileType = file.storyboard; name = Base; path = Base.lproj/LaunchScreen.storyboard; sourceTree = "<group>"; };
		6C380A021DCBDCF100763684 /* Info.plist */ = {isa = PBXFileReference; lastKnownFileType = text.plist.xml; path = Info.plist; sourceTree = "<group>"; };
		6C380A081DCBDD3500763684 /* GoogleService-Info.plist */ = {isa = PBXFileReference; fileEncoding = 4; lastKnownFileType = text.plist.xml; path = "GoogleService-Info.plist"; sourceTree = "<group>"; };
		6C7A5EDF1DCBE0AE00492592 /* GeoFire.h */ = {isa = PBXFileReference; fileEncoding = 4; lastKnownFileType = sourcecode.c.h; path = GeoFire.h; sourceTree = "<group>"; };
		6C7A5EE01DCBE0AE00492592 /* GFCircleQuery.h */ = {isa = PBXFileReference; fileEncoding = 4; lastKnownFileType = sourcecode.c.h; path = GFCircleQuery.h; sourceTree = "<group>"; };
		6C7A5EE11DCBE0AE00492592 /* GFQuery.h */ = {isa = PBXFileReference; fileEncoding = 4; lastKnownFileType = sourcecode.c.h; path = GFQuery.h; sourceTree = "<group>"; };
		6C7A5EE21DCBE0AE00492592 /* GFRegionQuery.h */ = {isa = PBXFileReference; fileEncoding = 4; lastKnownFileType = sourcecode.c.h; path = GFRegionQuery.h; sourceTree = "<group>"; };
		6C7A5EE31DCBE0AE00492592 /* GeoFire-Prefix.pch */ = {isa = PBXFileReference; fileEncoding = 4; lastKnownFileType = sourcecode.c.h; path = "GeoFire-Prefix.pch"; sourceTree = "<group>"; };
		6C7A5EE51DCBE0AE00492592 /* GeoFire+Private.h */ = {isa = PBXFileReference; fileEncoding = 4; lastKnownFileType = sourcecode.c.h; path = "GeoFire+Private.h"; sourceTree = "<group>"; };
		6C7A5EE61DCBE0AE00492592 /* GeoFire.m */ = {isa = PBXFileReference; fileEncoding = 4; lastKnownFileType = sourcecode.c.objc; path = GeoFire.m; sourceTree = "<group>"; };
		6C7A5EE71DCBE0AE00492592 /* GFBase32Utils.h */ = {isa = PBXFileReference; fileEncoding = 4; lastKnownFileType = sourcecode.c.h; path = GFBase32Utils.h; sourceTree = "<group>"; };
		6C7A5EE81DCBE0AE00492592 /* GFBase32Utils.m */ = {isa = PBXFileReference; fileEncoding = 4; lastKnownFileType = sourcecode.c.objc; path = GFBase32Utils.m; sourceTree = "<group>"; };
		6C7A5EE91DCBE0AE00492592 /* GFGeoHash.h */ = {isa = PBXFileReference; fileEncoding = 4; lastKnownFileType = sourcecode.c.h; path = GFGeoHash.h; sourceTree = "<group>"; };
		6C7A5EEA1DCBE0AE00492592 /* GFGeoHash.m */ = {isa = PBXFileReference; fileEncoding = 4; lastKnownFileType = sourcecode.c.objc; path = GFGeoHash.m; sourceTree = "<group>"; };
		6C7A5EEB1DCBE0AE00492592 /* GFGeoHashQuery.h */ = {isa = PBXFileReference; fileEncoding = 4; lastKnownFileType = sourcecode.c.h; path = GFGeoHashQuery.h; sourceTree = "<group>"; };
		6C7A5EEC1DCBE0AE00492592 /* GFGeoHashQuery.m */ = {isa = PBXFileReference; fileEncoding = 4; lastKnownFileType = sourcecode.c.objc; path = GFGeoHashQuery.m; sourceTree = "<group>"; };
		6C7A5EED1DCBE0AE00492592 /* GFQuery+Private.h */ = {isa = PBXFileReference; fileEncoding = 4; lastKnownFileType = sourcecode.c.h; path = "GFQuery+Private.h"; sourceTree = "<group>"; };
		6C7A5EEE1DCBE0AE00492592 /* GFQuery.m */ = {isa = PBXFileReference; fileEncoding = 4; lastKnownFileType = sourcecode.c.objc; path = GFQuery.m; sourceTree = "<group>"; };
		6C7A5EF71DCBE1E800492592 /* PokeSearch-Bridging-Header.h */ = {isa = PBXFileReference; fileEncoding = 4; lastKnownFileType = sourcecode.c.h; path = "PokeSearch-Bridging-Header.h"; sourceTree = "<group>"; };
		75207E1F3BE1394E1357A304 /* Pods-PokeSearch.debug.xcconfig */ = {isa = PBXFileReference; includeInIndex = 1; lastKnownFileType = text.xcconfig; name = "Pods-PokeSearch.debug.xcconfig"; path = "Pods/Target Support Files/Pods-PokeSearch/Pods-PokeSearch.debug.xcconfig"; sourceTree = "<group>"; };
		A41F2D6216E41AE0CCB6DBB2 /* Pods_PokeSearch.framework */ = {isa = PBXFileReference; explicitFileType = wrapper.framework; includeInIndex = 0; path = Pods_PokeSearch.framework; sourceTree = BUILT_PRODUCTS_DIR; };
		F0F35AA9AB872914CC3A42B2 /* Pods-PokeSearch.release.xcconfig */ = {isa = PBXFileReference; includeInIndex = 1; lastKnownFileType = text.xcconfig; name = "Pods-PokeSearch.release.xcconfig"; path = "Pods/Target Support Files/Pods-PokeSearch/Pods-PokeSearch.release.xcconfig"; sourceTree = "<group>"; };
/* End PBXFileReference section */

/* Begin PBXFrameworksBuildPhase section */
		6C3809F01DCBDCF000763684 /* Frameworks */ = {
			isa = PBXFrameworksBuildPhase;
			buildActionMask = 2147483647;
			files = (
				A25B0C93EB60C84617415C0D /* Pods_PokeSearch.framework in Frameworks */,
			);
			runOnlyForDeploymentPostprocessing = 0;
		};
/* End PBXFrameworksBuildPhase section */

/* Begin PBXGroup section */
		6B09E695385929FDF944263B /* Pods */ = {
			isa = PBXGroup;
			children = (
				75207E1F3BE1394E1357A304 /* Pods-PokeSearch.debug.xcconfig */,
				F0F35AA9AB872914CC3A42B2 /* Pods-PokeSearch.release.xcconfig */,
			);
			name = Pods;
			sourceTree = "<group>";
		};
		6C3809EA1DCBDCF000763684 = {
			isa = PBXGroup;
			children = (
				6C3809F51DCBDCF100763684 /* PokeSearch */,
				6C3809F41DCBDCF100763684 /* Products */,
				6B09E695385929FDF944263B /* Pods */,
				E4388061AC4962D833F13795 /* Frameworks */,
			);
			sourceTree = "<group>";
		};
		6C3809F41DCBDCF100763684 /* Products */ = {
			isa = PBXGroup;
			children = (
				6C3809F31DCBDCF100763684 /* PokeSearch.app */,
			);
			name = Products;
			sourceTree = "<group>";
		};
		6C3809F51DCBDCF100763684 /* PokeSearch */ = {
			isa = PBXGroup;
			children = (
				6C3809F61DCBDCF100763684 /* AppDelegate.swift */,
				6C3809F81DCBDCF100763684 /* ViewController.swift */,
				6C3809FA1DCBDCF100763684 /* Main.storyboard */,
				6C3809FD1DCBDCF100763684 /* Assets.xcassets */,
				6C3809FF1DCBDCF100763684 /* LaunchScreen.storyboard */,
				6C380A021DCBDCF100763684 /* Info.plist */,
				6C380A081DCBDD3500763684 /* GoogleService-Info.plist */,
				6C7A5EDD1DCBE0AE00492592 /* GeoFire */,
				6C7A5EF71DCBE1E800492592 /* PokeSearch-Bridging-Header.h */,
			);
			path = PokeSearch;
			sourceTree = "<group>";
		};
		6C7A5EDD1DCBE0AE00492592 /* GeoFire */ = {
			isa = PBXGroup;
			children = (
				6C7A5EDE1DCBE0AE00492592 /* API */,
				6C7A5EE31DCBE0AE00492592 /* GeoFire-Prefix.pch */,
				6C7A5EE41DCBE0AE00492592 /* Implementation */,
			);
			path = GeoFire;
			sourceTree = "<group>";
		};
		6C7A5EDE1DCBE0AE00492592 /* API */ = {
			isa = PBXGroup;
			children = (
				6C7A5EDF1DCBE0AE00492592 /* GeoFire.h */,
				6C7A5EE01DCBE0AE00492592 /* GFCircleQuery.h */,
				6C7A5EE11DCBE0AE00492592 /* GFQuery.h */,
				6C7A5EE21DCBE0AE00492592 /* GFRegionQuery.h */,
			);
			path = API;
			sourceTree = "<group>";
		};
		6C7A5EE41DCBE0AE00492592 /* Implementation */ = {
			isa = PBXGroup;
			children = (
				6C7A5EE51DCBE0AE00492592 /* GeoFire+Private.h */,
				6C7A5EE61DCBE0AE00492592 /* GeoFire.m */,
				6C7A5EE71DCBE0AE00492592 /* GFBase32Utils.h */,
				6C7A5EE81DCBE0AE00492592 /* GFBase32Utils.m */,
				6C7A5EE91DCBE0AE00492592 /* GFGeoHash.h */,
				6C7A5EEA1DCBE0AE00492592 /* GFGeoHash.m */,
				6C7A5EEB1DCBE0AE00492592 /* GFGeoHashQuery.h */,
				6C7A5EEC1DCBE0AE00492592 /* GFGeoHashQuery.m */,
				6C7A5EED1DCBE0AE00492592 /* GFQuery+Private.h */,
				6C7A5EEE1DCBE0AE00492592 /* GFQuery.m */,
			);
			path = Implementation;
			sourceTree = "<group>";
		};
		E4388061AC4962D833F13795 /* Frameworks */ = {
			isa = PBXGroup;
			children = (
				A41F2D6216E41AE0CCB6DBB2 /* Pods_PokeSearch.framework */,
			);
			name = Frameworks;
			sourceTree = "<group>";
		};
/* End PBXGroup section */

/* Begin PBXNativeTarget section */
		6C3809F21DCBDCF000763684 /* PokeSearch */ = {
			isa = PBXNativeTarget;
			buildConfigurationList = 6C380A051DCBDCF100763684 /* Build configuration list for PBXNativeTarget "PokeSearch" */;
			buildPhases = (
				FC869C93F181DA6B7AD667D8 /* [CP] Check Pods Manifest.lock */,
				6C3809EF1DCBDCF000763684 /* Sources */,
				6C3809F01DCBDCF000763684 /* Frameworks */,
				6C3809F11DCBDCF000763684 /* Resources */,
				DED262A650E8A089B8A90DCF /* [CP] Embed Pods Frameworks */,
				72EB8B1533B1EFF598076D7C /* [CP] Copy Pods Resources */,
			);
			buildRules = (
			);
			dependencies = (
			);
			name = PokeSearch;
			productName = PokeSearch;
			productReference = 6C3809F31DCBDCF100763684 /* PokeSearch.app */;
			productType = "com.apple.product-type.application";
		};
/* End PBXNativeTarget section */

/* Begin PBXProject section */
		6C3809EB1DCBDCF000763684 /* Project object */ = {
			isa = PBXProject;
			attributes = {
				LastSwiftUpdateCheck = 0800;
				LastUpgradeCheck = 0800;
				ORGANIZATIONNAME = "http://www.WeAreSuperAwesome.net";
				TargetAttributes = {
					6C3809F21DCBDCF000763684 = {
						CreatedOnToolsVersion = 8.0;
						DevelopmentTeam = S6VHT5CKSA;
						ProvisioningStyle = Automatic;
					};
				};
			};
			buildConfigurationList = 6C3809EE1DCBDCF000763684 /* Build configuration list for PBXProject "PokeSearch" */;
			compatibilityVersion = "Xcode 3.2";
			developmentRegion = English;
			hasScannedForEncodings = 0;
			knownRegions = (
				en,
				Base,
			);
			mainGroup = 6C3809EA1DCBDCF000763684;
			productRefGroup = 6C3809F41DCBDCF100763684 /* Products */;
			projectDirPath = "";
			projectRoot = "";
			targets = (
				6C3809F21DCBDCF000763684 /* PokeSearch */,
			);
		};
/* End PBXProject section */

/* Begin PBXResourcesBuildPhase section */
		6C3809F11DCBDCF000763684 /* Resources */ = {
			isa = PBXResourcesBuildPhase;
			buildActionMask = 2147483647;
			files = (
				6C380A011DCBDCF100763684 /* LaunchScreen.storyboard in Resources */,
				6C380A091DCBDD3500763684 /* GoogleService-Info.plist in Resources */,
				6C3809FE1DCBDCF100763684 /* Assets.xcassets in Resources */,
				6C3809FC1DCBDCF100763684 /* Main.storyboard in Resources */,
			);
			runOnlyForDeploymentPostprocessing = 0;
		};
/* End PBXResourcesBuildPhase section */

/* Begin PBXShellScriptBuildPhase section */
		72EB8B1533B1EFF598076D7C /* [CP] Copy Pods Resources */ = {
			isa = PBXShellScriptBuildPhase;
			buildActionMask = 2147483647;
			files = (
			);
			inputPaths = (
			);
			name = "[CP] Copy Pods Resources";
			outputPaths = (
			);
			runOnlyForDeploymentPostprocessing = 0;
			shellPath = /bin/sh;
			shellScript = "\"${SRCROOT}/Pods/Target Support Files/Pods-PokeSearch/Pods-PokeSearch-resources.sh\"\n";
			showEnvVarsInLog = 0;
		};
		DED262A650E8A089B8A90DCF /* [CP] Embed Pods Frameworks */ = {
			isa = PBXShellScriptBuildPhase;
			buildActionMask = 2147483647;
			files = (
			);
			inputPaths = (
			);
			name = "[CP] Embed Pods Frameworks";
			outputPaths = (
			);
			runOnlyForDeploymentPostprocessing = 0;
			shellPath = /bin/sh;
			shellScript = "\"${SRCROOT}/Pods/Target Support Files/Pods-PokeSearch/Pods-PokeSearch-frameworks.sh\"\n";
			showEnvVarsInLog = 0;
		};
		FC869C93F181DA6B7AD667D8 /* [CP] Check Pods Manifest.lock */ = {
			isa = PBXShellScriptBuildPhase;
			buildActionMask = 2147483647;
			files = (
			);
			inputPaths = (
			);
			name = "[CP] Check Pods Manifest.lock";
			outputPaths = (
			);
			runOnlyForDeploymentPostprocessing = 0;
			shellPath = /bin/sh;
			shellScript = "diff \"${PODS_ROOT}/../Podfile.lock\" \"${PODS_ROOT}/Manifest.lock\" > /dev/null\nif [ $? != 0 ] ; then\n    # print error to STDERR\n    echo \"error: The sandbox is not in sync with the Podfile.lock. Run 'pod install' or update your CocoaPods installation.\" >&2\n    exit 1\nfi\n";
			showEnvVarsInLog = 0;
		};
/* End PBXShellScriptBuildPhase section */

/* Begin PBXSourcesBuildPhase section */
		6C3809EF1DCBDCF000763684 /* Sources */ = {
			isa = PBXSourcesBuildPhase;
			buildActionMask = 2147483647;
			files = (
				6C7A5EF01DCBE0AE00492592 /* GFBase32Utils.m in Sources */,
				6C3809F91DCBDCF100763684 /* ViewController.swift in Sources */,
				6C7A5EF11DCBE0AE00492592 /* GFGeoHash.m in Sources */,
				6C3809F71DCBDCF100763684 /* AppDelegate.swift in Sources */,
				6C7A5EEF1DCBE0AE00492592 /* GeoFire.m in Sources */,
				6C7A5EF21DCBE0AE00492592 /* GFGeoHashQuery.m in Sources */,
				6C7A5EF31DCBE0AE00492592 /* GFQuery.m in Sources */,
			);
			runOnlyForDeploymentPostprocessing = 0;
		};
/* End PBXSourcesBuildPhase section */

/* Begin PBXVariantGroup section */
		6C3809FA1DCBDCF100763684 /* Main.storyboard */ = {
			isa = PBXVariantGroup;
			children = (
				6C3809FB1DCBDCF100763684 /* Base */,
			);
			name = Main.storyboard;
			sourceTree = "<group>";
		};
		6C3809FF1DCBDCF100763684 /* LaunchScreen.storyboard */ = {
			isa = PBXVariantGroup;
			children = (
				6C380A001DCBDCF100763684 /* Base */,
			);
			name = LaunchScreen.storyboard;
			sourceTree = "<group>";
		};
/* End PBXVariantGroup section */

/* Begin XCBuildConfiguration section */
		6C380A031DCBDCF100763684 /* Debug */ = {
			isa = XCBuildConfiguration;
			buildSettings = {
				ALWAYS_SEARCH_USER_PATHS = NO;
				CLANG_ANALYZER_NONNULL = YES;
				CLANG_CXX_LANGUAGE_STANDARD = "gnu++0x";
				CLANG_CXX_LIBRARY = "libc++";
				CLANG_ENABLE_MODULES = YES;
				CLANG_ENABLE_OBJC_ARC = YES;
				CLANG_WARN_BOOL_CONVERSION = YES;
				CLANG_WARN_CONSTANT_CONVERSION = YES;
				CLANG_WARN_DIRECT_OBJC_ISA_USAGE = YES_ERROR;
				CLANG_WARN_DOCUMENTATION_COMMENTS = YES;
				CLANG_WARN_EMPTY_BODY = YES;
				CLANG_WARN_ENUM_CONVERSION = YES;
				CLANG_WARN_INFINITE_RECURSION = YES;
				CLANG_WARN_INT_CONVERSION = YES;
				CLANG_WARN_OBJC_ROOT_CLASS = YES_ERROR;
				CLANG_WARN_SUSPICIOUS_MOVES = YES;
				CLANG_WARN_UNREACHABLE_CODE = YES;
				CLANG_WARN__DUPLICATE_METHOD_MATCH = YES;
				"CODE_SIGN_IDENTITY[sdk=iphoneos*]" = "iPhone Developer";
				COPY_PHASE_STRIP = NO;
				DEBUG_INFORMATION_FORMAT = dwarf;
				ENABLE_STRICT_OBJC_MSGSEND = YES;
				ENABLE_TESTABILITY = YES;
				GCC_C_LANGUAGE_STANDARD = gnu99;
				GCC_DYNAMIC_NO_PIC = NO;
				GCC_NO_COMMON_BLOCKS = YES;
				GCC_OPTIMIZATION_LEVEL = 0;
				GCC_PREPROCESSOR_DEFINITIONS = (
					"DEBUG=1",
					"$(inherited)",
				);
				GCC_WARN_64_TO_32_BIT_CONVERSION = YES;
				GCC_WARN_ABOUT_RETURN_TYPE = YES_ERROR;
				GCC_WARN_UNDECLARED_SELECTOR = YES;
				GCC_WARN_UNINITIALIZED_AUTOS = YES_AGGRESSIVE;
				GCC_WARN_UNUSED_FUNCTION = YES;
				GCC_WARN_UNUSED_VARIABLE = YES;
				IPHONEOS_DEPLOYMENT_TARGET = 10.0;
				MTL_ENABLE_DEBUG_INFO = YES;
				ONLY_ACTIVE_ARCH = YES;
				SDKROOT = iphoneos;
				SWIFT_ACTIVE_COMPILATION_CONDITIONS = DEBUG;
				SWIFT_OPTIMIZATION_LEVEL = "-Onone";
				TARGETED_DEVICE_FAMILY = "1,2";
			};
			name = Debug;
		};
		6C380A041DCBDCF100763684 /* Release */ = {
			isa = XCBuildConfiguration;
			buildSettings = {
				ALWAYS_SEARCH_USER_PATHS = NO;
				CLANG_ANALYZER_NONNULL = YES;
				CLANG_CXX_LANGUAGE_STANDARD = "gnu++0x";
				CLANG_CXX_LIBRARY = "libc++";
				CLANG_ENABLE_MODULES = YES;
				CLANG_ENABLE_OBJC_ARC = YES;
				CLANG_WARN_BOOL_CONVERSION = YES;
				CLANG_WARN_CONSTANT_CONVERSION = YES;
				CLANG_WARN_DIRECT_OBJC_ISA_USAGE = YES_ERROR;
				CLANG_WARN_DOCUMENTATION_COMMENTS = YES;
				CLANG_WARN_EMPTY_BODY = YES;
				CLANG_WARN_ENUM_CONVERSION = YES;
				CLANG_WARN_INFINITE_RECURSION = YES;
				CLANG_WARN_INT_CONVERSION = YES;
				CLANG_WARN_OBJC_ROOT_CLASS = YES_ERROR;
				CLANG_WARN_SUSPICIOUS_MOVES = YES;
				CLANG_WARN_UNREACHABLE_CODE = YES;
				CLANG_WARN__DUPLICATE_METHOD_MATCH = YES;
				"CODE_SIGN_IDENTITY[sdk=iphoneos*]" = "iPhone Developer";
				COPY_PHASE_STRIP = NO;
				DEBUG_INFORMATION_FORMAT = "dwarf-with-dsym";
				ENABLE_NS_ASSERTIONS = NO;
				ENABLE_STRICT_OBJC_MSGSEND = YES;
				GCC_C_LANGUAGE_STANDARD = gnu99;
				GCC_NO_COMMON_BLOCKS = YES;
				GCC_WARN_64_TO_32_BIT_CONVERSION = YES;
				GCC_WARN_ABOUT_RETURN_TYPE = YES_ERROR;
				GCC_WARN_UNDECLARED_SELECTOR = YES;
				GCC_WARN_UNINITIALIZED_AUTOS = YES_AGGRESSIVE;
				GCC_WARN_UNUSED_FUNCTION = YES;
				GCC_WARN_UNUSED_VARIABLE = YES;
				IPHONEOS_DEPLOYMENT_TARGET = 10.0;
				MTL_ENABLE_DEBUG_INFO = NO;
				SDKROOT = iphoneos;
				SWIFT_OPTIMIZATION_LEVEL = "-Owholemodule";
				TARGETED_DEVICE_FAMILY = "1,2";
				VALIDATE_PRODUCT = YES;
			};
			name = Release;
		};
		6C380A061DCBDCF100763684 /* Debug */ = {
			isa = XCBuildConfiguration;
			baseConfigurationReference = 75207E1F3BE1394E1357A304 /* Pods-PokeSearch.debug.xcconfig */;
			buildSettings = {
				ASSETCATALOG_COMPILER_APPICON_NAME = AppIcon;
				DEVELOPMENT_TEAM = S6VHT5CKSA;
				INFOPLIST_FILE = PokeSearch/Info.plist;
				LD_RUNPATH_SEARCH_PATHS = "$(inherited) @executable_path/Frameworks";
				PRODUCT_BUNDLE_IDENTIFIER = com.roydimayuga.PokeSearch;
				PRODUCT_NAME = "$(TARGET_NAME)";
				SWIFT_OBJC_BRIDGING_HEADER = "PokeSearch/PokeSearch-Bridging-Header.h";
				SWIFT_VERSION = 3.0;
			};
			name = Debug;
		};
		6C380A071DCBDCF100763684 /* Release */ = {
			isa = XCBuildConfiguration;
			baseConfigurationReference = F0F35AA9AB872914CC3A42B2 /* Pods-PokeSearch.release.xcconfig */;
			buildSettings = {
				ASSETCATALOG_COMPILER_APPICON_NAME = AppIcon;
				DEVELOPMENT_TEAM = S6VHT5CKSA;
				INFOPLIST_FILE = PokeSearch/Info.plist;
				LD_RUNPATH_SEARCH_PATHS = "$(inherited) @executable_path/Frameworks";
				PRODUCT_BUNDLE_IDENTIFIER = com.roydimayuga.PokeSearch;
				PRODUCT_NAME = "$(TARGET_NAME)";
				SWIFT_OBJC_BRIDGING_HEADER = "PokeSearch/PokeSearch-Bridging-Header.h";
				SWIFT_VERSION = 3.0;
			};
			name = Release;
		};
/* End XCBuildConfiguration section */

/* Begin XCConfigurationList section */
		6C3809EE1DCBDCF000763684 /* Build configuration list for PBXProject "PokeSearch" */ = {
			isa = XCConfigurationList;
			buildConfigurations = (
				6C380A031DCBDCF100763684 /* Debug */,
				6C380A041DCBDCF100763684 /* Release */,
			);
			defaultConfigurationIsVisible = 0;
			defaultConfigurationName = Release;
		};
		6C380A051DCBDCF100763684 /* Build configuration list for PBXNativeTarget "PokeSearch" */ = {
			isa = XCConfigurationList;
			buildConfigurations = (
				6C380A061DCBDCF100763684 /* Debug */,
				6C380A071DCBDCF100763684 /* Release */,
			);
			defaultConfigurationIsVisible = 0;
			defaultConfigurationName = Release;
		};
/* End XCConfigurationList section */
	};
	rootObject = 6C3809EB1DCBDCF000763684 /* Project object */;
}
